// !$*UTF8*$!
{
	archiveVersion = 1;
	classes = {
	};
	objectVersion = 55;
	objects = {

/* Begin PBXBuildFile section */
		5B291E4128737771005CB7D0 /* AppDelegate.swift in Sources */ = {isa = PBXBuildFile; fileRef = 5B291E4028737771005CB7D0 /* AppDelegate.swift */; };
		5B291E4328737771005CB7D0 /* SceneDelegate.swift in Sources */ = {isa = PBXBuildFile; fileRef = 5B291E4228737771005CB7D0 /* SceneDelegate.swift */; };
		5B291E4528737771005CB7D0 /* FeaturedViewController.swift in Sources */ = {isa = PBXBuildFile; fileRef = 5B291E4428737771005CB7D0 /* FeaturedViewController.swift */; };
		5B291E4828737771005CB7D0 /* Main.storyboard in Resources */ = {isa = PBXBuildFile; fileRef = 5B291E4628737771005CB7D0 /* Main.storyboard */; };
		5B291E4A28737774005CB7D0 /* Assets.xcassets in Resources */ = {isa = PBXBuildFile; fileRef = 5B291E4928737774005CB7D0 /* Assets.xcassets */; };
		5B291E4D28737774005CB7D0 /* LaunchScreen.storyboard in Resources */ = {isa = PBXBuildFile; fileRef = 5B291E4B28737774005CB7D0 /* LaunchScreen.storyboard */; };
		5B89EDDD287C9806008AB14F /* PopularCollectionViewCell.swift in Sources */ = {isa = PBXBuildFile; fileRef = 5B89EDDC287C9806008AB14F /* PopularCollectionViewCell.swift */; };
		5B89EDDF287C9846008AB14F /* NowPlayingCollectionViewCell.swift in Sources */ = {isa = PBXBuildFile; fileRef = 5B89EDDE287C9846008AB14F /* NowPlayingCollectionViewCell.swift */; };
		5B89EDE8287DEE5B008AB14F /* Movie.swift in Sources */ = {isa = PBXBuildFile; fileRef = 5B89EDE7287DEE5B008AB14F /* Movie.swift */; };
		5B89EDEE287DF4E5008AB14F /* Movie+TrendingThisWeek.swift in Sources */ = {isa = PBXBuildFile; fileRef = 5B89EDE9287DF4E5008AB14F /* Movie+TrendingThisWeek.swift */; };
		5B89EDEF287DF4E5008AB14F /* Movie+NowPlaying.swift in Sources */ = {isa = PBXBuildFile; fileRef = 5B89EDEA287DF4E5008AB14F /* Movie+NowPlaying.swift */; };
		5B89EDF0287DF4E5008AB14F /* Movie+Upcoming.swift in Sources */ = {isa = PBXBuildFile; fileRef = 5B89EDEB287DF4E5008AB14F /* Movie+Upcoming.swift */; };
		5B89EDF1287DF4E5008AB14F /* Movie+Popular.swift in Sources */ = {isa = PBXBuildFile; fileRef = 5B89EDEC287DF4E5008AB14F /* Movie+Popular.swift */; };
		5B89EDF2287DF4E5008AB14F /* Movie+TrendingToday.swift in Sources */ = {isa = PBXBuildFile; fileRef = 5B89EDED287DF4E5008AB14F /* Movie+TrendingToday.swift */; };
		5B89EDF4287E1452008AB14F /* FeaturedViewController+UICollectionViewDataSource.swift in Sources */ = {isa = PBXBuildFile; fileRef = 5B89EDF3287E1452008AB14F /* FeaturedViewController+UICollectionViewDataSource.swift */; };
		5B89EDF6287E449E008AB14F /* UpcomingCollectionViewCell.swift in Sources */ = {isa = PBXBuildFile; fileRef = 5B89EDF5287E449E008AB14F /* UpcomingCollectionViewCell.swift */; };
		5B89EDF8287F3F00008AB14F /* DetailsViewController.swift in Sources */ = {isa = PBXBuildFile; fileRef = 5B89EDF7287F3F00008AB14F /* DetailsViewController.swift */; };
		5B89EDFA287F47E0008AB14F /* FeaturedViewController+UICollectionViewDelegate.swift in Sources */ = {isa = PBXBuildFile; fileRef = 5B89EDF9287F47E0008AB14F /* FeaturedViewController+UICollectionViewDelegate.swift */; };
/* End PBXBuildFile section */

/* Begin PBXFileReference section */
		5B291E3D28737771005CB7D0 /* testGit.app */ = {isa = PBXFileReference; explicitFileType = wrapper.application; includeInIndex = 0; path = testGit.app; sourceTree = BUILT_PRODUCTS_DIR; };
		5B291E4028737771005CB7D0 /* AppDelegate.swift */ = {isa = PBXFileReference; lastKnownFileType = sourcecode.swift; path = AppDelegate.swift; sourceTree = "<group>"; };
		5B291E4228737771005CB7D0 /* SceneDelegate.swift */ = {isa = PBXFileReference; lastKnownFileType = sourcecode.swift; path = SceneDelegate.swift; sourceTree = "<group>"; };
		5B291E4428737771005CB7D0 /* FeaturedViewController.swift */ = {isa = PBXFileReference; lastKnownFileType = sourcecode.swift; path = FeaturedViewController.swift; sourceTree = "<group>"; };
		5B291E4728737771005CB7D0 /* Base */ = {isa = PBXFileReference; lastKnownFileType = file.storyboard; name = Base; path = Base.lproj/Main.storyboard; sourceTree = "<group>"; };
		5B291E4928737774005CB7D0 /* Assets.xcassets */ = {isa = PBXFileReference; lastKnownFileType = folder.assetcatalog; path = Assets.xcassets; sourceTree = "<group>"; };
		5B291E4C28737774005CB7D0 /* Base */ = {isa = PBXFileReference; lastKnownFileType = file.storyboard; name = Base; path = Base.lproj/LaunchScreen.storyboard; sourceTree = "<group>"; };
		5B291E4E28737774005CB7D0 /* Info.plist */ = {isa = PBXFileReference; lastKnownFileType = text.plist.xml; path = Info.plist; sourceTree = "<group>"; };
		5B89EDDC287C9806008AB14F /* PopularCollectionViewCell.swift */ = {isa = PBXFileReference; lastKnownFileType = sourcecode.swift; path = PopularCollectionViewCell.swift; sourceTree = "<group>"; };
		5B89EDDE287C9846008AB14F /* NowPlayingCollectionViewCell.swift */ = {isa = PBXFileReference; lastKnownFileType = sourcecode.swift; path = NowPlayingCollectionViewCell.swift; sourceTree = "<group>"; };
		5B89EDE7287DEE5B008AB14F /* Movie.swift */ = {isa = PBXFileReference; lastKnownFileType = sourcecode.swift; path = Movie.swift; sourceTree = "<group>"; };
		5B89EDE9287DF4E5008AB14F /* Movie+TrendingThisWeek.swift */ = {isa = PBXFileReference; fileEncoding = 4; lastKnownFileType = sourcecode.swift; path = "Movie+TrendingThisWeek.swift"; sourceTree = "<group>"; };
		5B89EDEA287DF4E5008AB14F /* Movie+NowPlaying.swift */ = {isa = PBXFileReference; fileEncoding = 4; lastKnownFileType = sourcecode.swift; path = "Movie+NowPlaying.swift"; sourceTree = "<group>"; };
		5B89EDEB287DF4E5008AB14F /* Movie+Upcoming.swift */ = {isa = PBXFileReference; fileEncoding = 4; lastKnownFileType = sourcecode.swift; path = "Movie+Upcoming.swift"; sourceTree = "<group>"; };
		5B89EDEC287DF4E5008AB14F /* Movie+Popular.swift */ = {isa = PBXFileReference; fileEncoding = 4; lastKnownFileType = sourcecode.swift; path = "Movie+Popular.swift"; sourceTree = "<group>"; };
		5B89EDED287DF4E5008AB14F /* Movie+TrendingToday.swift */ = {isa = PBXFileReference; fileEncoding = 4; lastKnownFileType = sourcecode.swift; path = "Movie+TrendingToday.swift"; sourceTree = "<group>"; };
		5B89EDF3287E1452008AB14F /* FeaturedViewController+UICollectionViewDataSource.swift */ = {isa = PBXFileReference; lastKnownFileType = sourcecode.swift; path = "FeaturedViewController+UICollectionViewDataSource.swift"; sourceTree = "<group>"; };
		5B89EDF5287E449E008AB14F /* UpcomingCollectionViewCell.swift */ = {isa = PBXFileReference; lastKnownFileType = sourcecode.swift; path = UpcomingCollectionViewCell.swift; sourceTree = "<group>"; };
		5B89EDF7287F3F00008AB14F /* DetailsViewController.swift */ = {isa = PBXFileReference; lastKnownFileType = sourcecode.swift; path = DetailsViewController.swift; sourceTree = "<group>"; };
		5B89EDF9287F47E0008AB14F /* FeaturedViewController+UICollectionViewDelegate.swift */ = {isa = PBXFileReference; lastKnownFileType = sourcecode.swift; path = "FeaturedViewController+UICollectionViewDelegate.swift"; sourceTree = "<group>"; };
/* End PBXFileReference section */

/* Begin PBXFrameworksBuildPhase section */
		5B291E3A28737771005CB7D0 /* Frameworks */ = {
			isa = PBXFrameworksBuildPhase;
			buildActionMask = 2147483647;
			files = (
			);
			runOnlyForDeploymentPostprocessing = 0;
		};
/* End PBXFrameworksBuildPhase section */

/* Begin PBXGroup section */
		5B291E3428737771005CB7D0 = {
			isa = PBXGroup;
			children = (
				5B291E3F28737771005CB7D0 /* testGit */,
				5B291E3E28737771005CB7D0 /* Products */,
			);
			sourceTree = "<group>";
		};
		5B291E3E28737771005CB7D0 /* Products */ = {
			isa = PBXGroup;
			children = (
				5B291E3D28737771005CB7D0 /* testGit.app */,
			);
			name = Products;
			sourceTree = "<group>";
		};
		5B291E3F28737771005CB7D0 /* testGit */ = {
			isa = PBXGroup;
			children = (
				5B89EDE4287DEDF3008AB14F /* Model */,
				5B291E4028737771005CB7D0 /* AppDelegate.swift */,
				5B291E4228737771005CB7D0 /* SceneDelegate.swift */,
				5B89EDE1287C9A31008AB14F /* Controllers */,
				5B89EDE2287C9A4A008AB14F /* Views */,
				5B89EDE3287C9E19008AB14F /* SupportingFiles */,
			);
			path = testGit;
			sourceTree = "<group>";
		};
		5B89EDE1287C9A31008AB14F /* Controllers */ = {
			isa = PBXGroup;
			children = (
				5B291E4428737771005CB7D0 /* FeaturedViewController.swift */,
				5B89EDF3287E1452008AB14F /* FeaturedViewController+UICollectionViewDataSource.swift */,
				5B89EDF7287F3F00008AB14F /* DetailsViewController.swift */,
				5B89EDF9287F47E0008AB14F /* FeaturedViewController+UICollectionViewDelegate.swift */,
			);
			path = Controllers;
			sourceTree = "<group>";
		};
		5B89EDE2287C9A4A008AB14F /* Views */ = {
			isa = PBXGroup;
			children = (
				5B291E4628737771005CB7D0 /* Main.storyboard */,
				5B291E4B28737774005CB7D0 /* LaunchScreen.storyboard */,
				5B89EDDC287C9806008AB14F /* PopularCollectionViewCell.swift */,
				5B89EDDE287C9846008AB14F /* NowPlayingCollectionViewCell.swift */,
				5B89EDF5287E449E008AB14F /* UpcomingCollectionViewCell.swift */,
			);
			path = Views;
			sourceTree = "<group>";
		};
		5B89EDE3287C9E19008AB14F /* SupportingFiles */ = {
			isa = PBXGroup;
			children = (
				5B291E4E28737774005CB7D0 /* Info.plist */,
				5B291E4928737774005CB7D0 /* Assets.xcassets */,
			);
			name = SupportingFiles;
			sourceTree = "<group>";
		};
		5B89EDE4287DEDF3008AB14F /* Model */ = {
			isa = PBXGroup;
			children = (
				5B89EDEA287DF4E5008AB14F /* Movie+NowPlaying.swift */,
				5B89EDEC287DF4E5008AB14F /* Movie+Popular.swift */,
				5B89EDE9287DF4E5008AB14F /* Movie+TrendingThisWeek.swift */,
				5B89EDED287DF4E5008AB14F /* Movie+TrendingToday.swift */,
				5B89EDEB287DF4E5008AB14F /* Movie+Upcoming.swift */,
				5B89EDE7287DEE5B008AB14F /* Movie.swift */,
			);
			path = Model;
			sourceTree = "<group>";
		};
/* End PBXGroup section */

/* Begin PBXNativeTarget section */
		5B291E3C28737771005CB7D0 /* testGit */ = {
			isa = PBXNativeTarget;
			buildConfigurationList = 5B291E5128737774005CB7D0 /* Build configuration list for PBXNativeTarget "testGit" */;
			buildPhases = (
				5B291E3928737771005CB7D0 /* Sources */,
				5B291E3A28737771005CB7D0 /* Frameworks */,
				5B291E3B28737771005CB7D0 /* Resources */,
			);
			buildRules = (
			);
			dependencies = (
			);
			name = testGit;
			productName = testGit;
			productReference = 5B291E3D28737771005CB7D0 /* testGit.app */;
			productType = "com.apple.product-type.application";
		};
/* End PBXNativeTarget section */

/* Begin PBXProject section */
		5B291E3528737771005CB7D0 /* Project object */ = {
			isa = PBXProject;
			attributes = {
				BuildIndependentTargetsInParallel = 1;
				LastSwiftUpdateCheck = 1340;
				LastUpgradeCheck = 1340;
				TargetAttributes = {
					5B291E3C28737771005CB7D0 = {
						CreatedOnToolsVersion = 13.4.1;
					};
				};
			};
			buildConfigurationList = 5B291E3828737771005CB7D0 /* Build configuration list for PBXProject "testGit" */;
			compatibilityVersion = "Xcode 13.0";
			developmentRegion = en;
			hasScannedForEncodings = 0;
			knownRegions = (
				en,
				Base,
			);
			mainGroup = 5B291E3428737771005CB7D0;
			productRefGroup = 5B291E3E28737771005CB7D0 /* Products */;
			projectDirPath = "";
			projectRoot = "";
			targets = (
				5B291E3C28737771005CB7D0 /* testGit */,
			);
		};
/* End PBXProject section */

/* Begin PBXResourcesBuildPhase section */
		5B291E3B28737771005CB7D0 /* Resources */ = {
			isa = PBXResourcesBuildPhase;
			buildActionMask = 2147483647;
			files = (
				5B291E4D28737774005CB7D0 /* LaunchScreen.storyboard in Resources */,
				5B291E4A28737774005CB7D0 /* Assets.xcassets in Resources */,
				5B291E4828737771005CB7D0 /* Main.storyboard in Resources */,
			);
			runOnlyForDeploymentPostprocessing = 0;
		};
/* End PBXResourcesBuildPhase section */

/* Begin PBXSourcesBuildPhase section */
		5B291E3928737771005CB7D0 /* Sources */ = {
			isa = PBXSourcesBuildPhase;
			buildActionMask = 2147483647;
			files = (
				5B89EDDF287C9846008AB14F /* NowPlayingCollectionViewCell.swift in Sources */,
				5B89EDDD287C9806008AB14F /* PopularCollectionViewCell.swift in Sources */,
				5B89EDF2287DF4E5008AB14F /* Movie+TrendingToday.swift in Sources */,
				5B89EDF6287E449E008AB14F /* UpcomingCollectionViewCell.swift in Sources */,
				5B89EDE8287DEE5B008AB14F /* Movie.swift in Sources */,
				5B89EDF4287E1452008AB14F /* FeaturedViewController+UICollectionViewDataSource.swift in Sources */,
				5B89EDEE287DF4E5008AB14F /* Movie+TrendingThisWeek.swift in Sources */,
				5B89EDEF287DF4E5008AB14F /* Movie+NowPlaying.swift in Sources */,
				5B291E4528737771005CB7D0 /* FeaturedViewController.swift in Sources */,
				5B89EDF1287DF4E5008AB14F /* Movie+Popular.swift in Sources */,
				5B291E4128737771005CB7D0 /* AppDelegate.swift in Sources */,
				5B89EDFA287F47E0008AB14F /* FeaturedViewController+UICollectionViewDelegate.swift in Sources */,
				5B89EDF8287F3F00008AB14F /* DetailsViewController.swift in Sources */,
				5B89EDF0287DF4E5008AB14F /* Movie+Upcoming.swift in Sources */,
				5B291E4328737771005CB7D0 /* SceneDelegate.swift in Sources */,
			);
			runOnlyForDeploymentPostprocessing = 0;
		};
/* End PBXSourcesBuildPhase section */

/* Begin PBXVariantGroup section */
		5B291E4628737771005CB7D0 /* Main.storyboard */ = {
			isa = PBXVariantGroup;
			children = (
				5B291E4728737771005CB7D0 /* Base */,
			);
			name = Main.storyboard;
			sourceTree = "<group>";
		};
		5B291E4B28737774005CB7D0 /* LaunchScreen.storyboard */ = {
			isa = PBXVariantGroup;
			children = (
				5B291E4C28737774005CB7D0 /* Base */,
			);
			name = LaunchScreen.storyboard;
			sourceTree = "<group>";
		};
/* End PBXVariantGroup section */

/* Begin XCBuildConfiguration section */
		5B291E4F28737774005CB7D0 /* Debug */ = {
			isa = XCBuildConfiguration;
			buildSettings = {
				ALWAYS_SEARCH_USER_PATHS = NO;
				CLANG_ANALYZER_NONNULL = YES;
				CLANG_ANALYZER_NUMBER_OBJECT_CONVERSION = YES_AGGRESSIVE;
				CLANG_CXX_LANGUAGE_STANDARD = "gnu++17";
				CLANG_ENABLE_MODULES = YES;
				CLANG_ENABLE_OBJC_ARC = YES;
				CLANG_ENABLE_OBJC_WEAK = YES;
				CLANG_WARN_BLOCK_CAPTURE_AUTORELEASING = YES;
				CLANG_WARN_BOOL_CONVERSION = YES;
				CLANG_WARN_COMMA = YES;
				CLANG_WARN_CONSTANT_CONVERSION = YES;
				CLANG_WARN_DEPRECATED_OBJC_IMPLEMENTATIONS = YES;
				CLANG_WARN_DIRECT_OBJC_ISA_USAGE = YES_ERROR;
				CLANG_WARN_DOCUMENTATION_COMMENTS = YES;
				CLANG_WARN_EMPTY_BODY = YES;
				CLANG_WARN_ENUM_CONVERSION = YES;
				CLANG_WARN_INFINITE_RECURSION = YES;
				CLANG_WARN_INT_CONVERSION = YES;
				CLANG_WARN_NON_LITERAL_NULL_CONVERSION = YES;
				CLANG_WARN_OBJC_IMPLICIT_RETAIN_SELF = YES;
				CLANG_WARN_OBJC_LITERAL_CONVERSION = YES;
				CLANG_WARN_OBJC_ROOT_CLASS = YES_ERROR;
				CLANG_WARN_QUOTED_INCLUDE_IN_FRAMEWORK_HEADER = YES;
				CLANG_WARN_RANGE_LOOP_ANALYSIS = YES;
				CLANG_WARN_STRICT_PROTOTYPES = YES;
				CLANG_WARN_SUSPICIOUS_MOVE = YES;
				CLANG_WARN_UNGUARDED_AVAILABILITY = YES_AGGRESSIVE;
				CLANG_WARN_UNREACHABLE_CODE = YES;
				CLANG_WARN__DUPLICATE_METHOD_MATCH = YES;
				COPY_PHASE_STRIP = NO;
				DEBUG_INFORMATION_FORMAT = dwarf;
				ENABLE_STRICT_OBJC_MSGSEND = YES;
				ENABLE_TESTABILITY = YES;
				GCC_C_LANGUAGE_STANDARD = gnu11;
				GCC_DYNAMIC_NO_PIC = NO;
				GCC_NO_COMMON_BLOCKS = YES;
				GCC_OPTIMIZATION_LEVEL = 0;
				GCC_PREPROCESSOR_DEFINITIONS = (
					"DEBUG=1",
					"$(inherited)",
				);
				GCC_WARN_64_TO_32_BIT_CONVERSION = YES;
				GCC_WARN_ABOUT_RETURN_TYPE = YES_ERROR;
				GCC_WARN_UNDECLARED_SELECTOR = YES;
				GCC_WARN_UNINITIALIZED_AUTOS = YES_AGGRESSIVE;
				GCC_WARN_UNUSED_FUNCTION = YES;
				GCC_WARN_UNUSED_VARIABLE = YES;
				IPHONEOS_DEPLOYMENT_TARGET = 15.5;
				MTL_ENABLE_DEBUG_INFO = INCLUDE_SOURCE;
				MTL_FAST_MATH = YES;
				ONLY_ACTIVE_ARCH = YES;
				SDKROOT = iphoneos;
				SWIFT_ACTIVE_COMPILATION_CONDITIONS = DEBUG;
				SWIFT_OPTIMIZATION_LEVEL = "-Onone";
			};
			name = Debug;
		};
		5B291E5028737774005CB7D0 /* Release */ = {
			isa = XCBuildConfiguration;
			buildSettings = {
				ALWAYS_SEARCH_USER_PATHS = NO;
				CLANG_ANALYZER_NONNULL = YES;
				CLANG_ANALYZER_NUMBER_OBJECT_CONVERSION = YES_AGGRESSIVE;
				CLANG_CXX_LANGUAGE_STANDARD = "gnu++17";
				CLANG_ENABLE_MODULES = YES;
				CLANG_ENABLE_OBJC_ARC = YES;
				CLANG_ENABLE_OBJC_WEAK = YES;
				CLANG_WARN_BLOCK_CAPTURE_AUTORELEASING = YES;
				CLANG_WARN_BOOL_CONVERSION = YES;
				CLANG_WARN_COMMA = YES;
				CLANG_WARN_CONSTANT_CONVERSION = YES;
				CLANG_WARN_DEPRECATED_OBJC_IMPLEMENTATIONS = YES;
				CLANG_WARN_DIRECT_OBJC_ISA_USAGE = YES_ERROR;
				CLANG_WARN_DOCUMENTATION_COMMENTS = YES;
				CLANG_WARN_EMPTY_BODY = YES;
				CLANG_WARN_ENUM_CONVERSION = YES;
				CLANG_WARN_INFINITE_RECURSION = YES;
				CLANG_WARN_INT_CONVERSION = YES;
				CLANG_WARN_NON_LITERAL_NULL_CONVERSION = YES;
				CLANG_WARN_OBJC_IMPLICIT_RETAIN_SELF = YES;
				CLANG_WARN_OBJC_LITERAL_CONVERSION = YES;
				CLANG_WARN_OBJC_ROOT_CLASS = YES_ERROR;
				CLANG_WARN_QUOTED_INCLUDE_IN_FRAMEWORK_HEADER = YES;
				CLANG_WARN_RANGE_LOOP_ANALYSIS = YES;
				CLANG_WARN_STRICT_PROTOTYPES = YES;
				CLANG_WARN_SUSPICIOUS_MOVE = YES;
				CLANG_WARN_UNGUARDED_AVAILABILITY = YES_AGGRESSIVE;
				CLANG_WARN_UNREACHABLE_CODE = YES;
				CLANG_WARN__DUPLICATE_METHOD_MATCH = YES;
				COPY_PHASE_STRIP = NO;
				DEBUG_INFORMATION_FORMAT = "dwarf-with-dsym";
				ENABLE_NS_ASSERTIONS = NO;
				ENABLE_STRICT_OBJC_MSGSEND = YES;
				GCC_C_LANGUAGE_STANDARD = gnu11;
				GCC_NO_COMMON_BLOCKS = YES;
				GCC_WARN_64_TO_32_BIT_CONVERSION = YES;
				GCC_WARN_ABOUT_RETURN_TYPE = YES_ERROR;
				GCC_WARN_UNDECLARED_SELECTOR = YES;
				GCC_WARN_UNINITIALIZED_AUTOS = YES_AGGRESSIVE;
				GCC_WARN_UNUSED_FUNCTION = YES;
				GCC_WARN_UNUSED_VARIABLE = YES;
				IPHONEOS_DEPLOYMENT_TARGET = 15.5;
				MTL_ENABLE_DEBUG_INFO = NO;
				MTL_FAST_MATH = YES;
				SDKROOT = iphoneos;
				SWIFT_COMPILATION_MODE = wholemodule;
				SWIFT_OPTIMIZATION_LEVEL = "-O";
				VALIDATE_PRODUCT = YES;
			};
			name = Release;
		};
		5B291E5228737774005CB7D0 /* Debug */ = {
			isa = XCBuildConfiguration;
			buildSettings = {
				ASSETCATALOG_COMPILER_APPICON_NAME = AppIcon;
				ASSETCATALOG_COMPILER_GLOBAL_ACCENT_COLOR_NAME = AccentColor;
				CODE_SIGN_STYLE = Automatic;
				CURRENT_PROJECT_VERSION = 1;
				DEVELOPMENT_TEAM = FQJGC4G68L;
				GENERATE_INFOPLIST_FILE = YES;
				INFOPLIST_FILE = testGit/Info.plist;
				INFOPLIST_KEY_UIApplicationSupportsIndirectInputEvents = YES;
				INFOPLIST_KEY_UILaunchStoryboardName = LaunchScreen;
				INFOPLIST_KEY_UIMainStoryboardFile = Main;
				INFOPLIST_KEY_UISupportedInterfaceOrientations_iPad = "UIInterfaceOrientationPortrait UIInterfaceOrientationPortraitUpsideDown UIInterfaceOrientationLandscapeLeft UIInterfaceOrientationLandscapeRight";
				INFOPLIST_KEY_UISupportedInterfaceOrientations_iPhone = "UIInterfaceOrientationPortrait UIInterfaceOrientationLandscapeLeft UIInterfaceOrientationLandscapeRight";
				LD_RUNPATH_SEARCH_PATHS = (
					"$(inherited)",
					"@executable_path/Frameworks",
				);
				MARKETING_VERSION = 1.0;
				PRODUCT_BUNDLE_IDENTIFIER = br.ufpe.cin.academy.testGit;
				PRODUCT_NAME = "$(TARGET_NAME)";
				SWIFT_EMIT_LOC_STRINGS = YES;
				SWIFT_VERSION = 5.0;
				TARGETED_DEVICE_FAMILY = "1,2";
			};
			name = Debug;
		};
		5B291E5328737774005CB7D0 /* Release */ = {
			isa = XCBuildConfiguration;
			buildSettings = {
				ASSETCATALOG_COMPILER_APPICON_NAME = AppIcon;
				ASSETCATALOG_COMPILER_GLOBAL_ACCENT_COLOR_NAME = AccentColor;
				CODE_SIGN_STYLE = Automatic;
				CURRENT_PROJECT_VERSION = 1;
				DEVELOPMENT_TEAM = FQJGC4G68L;
				GENERATE_INFOPLIST_FILE = YES;
				INFOPLIST_FILE = testGit/Info.plist;
				INFOPLIST_KEY_UIApplicationSupportsIndirectInputEvents = YES;
				INFOPLIST_KEY_UILaunchStoryboardName = LaunchScreen;
				INFOPLIST_KEY_UIMainStoryboardFile = Main;
				INFOPLIST_KEY_UISupportedInterfaceOrientations_iPad = "UIInterfaceOrientationPortrait UIInterfaceOrientationPortraitUpsideDown UIInterfaceOrientationLandscapeLeft UIInterfaceOrientationLandscapeRight";
				INFOPLIST_KEY_UISupportedInterfaceOrientations_iPhone = "UIInterfaceOrientationPortrait UIInterfaceOrientationLandscapeLeft UIInterfaceOrientationLandscapeRight";
				LD_RUNPATH_SEARCH_PATHS = (
					"$(inherited)",
					"@executable_path/Frameworks",
				);
				MARKETING_VERSION = 1.0;
				PRODUCT_BUNDLE_IDENTIFIER = br.ufpe.cin.academy.testGit;
				PRODUCT_NAME = "$(TARGET_NAME)";
				SWIFT_EMIT_LOC_STRINGS = YES;
				SWIFT_VERSION = 5.0;
				TARGETED_DEVICE_FAMILY = "1,2";
			};
			name = Release;
		};
/* End XCBuildConfiguration section */

/* Begin XCConfigurationList section */
		5B291E3828737771005CB7D0 /* Build configuration list for PBXProject "testGit" */ = {
			isa = XCConfigurationList;
			buildConfigurations = (
				5B291E4F28737774005CB7D0 /* Debug */,
				5B291E5028737774005CB7D0 /* Release */,
			);
			defaultConfigurationIsVisible = 0;
			defaultConfigurationName = Release;
		};
		5B291E5128737774005CB7D0 /* Build configuration list for PBXNativeTarget "testGit" */ = {
			isa = XCConfigurationList;
			buildConfigurations = (
				5B291E5228737774005CB7D0 /* Debug */,
				5B291E5328737774005CB7D0 /* Release */,
			);
			defaultConfigurationIsVisible = 0;
			defaultConfigurationName = Release;
		};
/* End XCConfigurationList section */
	};
	rootObject = 5B291E3528737771005CB7D0 /* Project object */;
}
